
Microsoft Visual Studio Solution File, Format Version 12.00
# Visual Studio 15
VisualStudioVersion = 15.0.27428.2015
MinimumVisualStudioVersion = 10.0.40219.1
Project("{FAE04EC0-301F-11D3-BF4B-00C04F79EFBC}") = "big_o_notacion", "big_o_notacion\big_o_notacion.csproj", "{C981A187-9708-4471-A9A8-BAC00B5B3A9A}"
EndProject
Project("{FAE04EC0-301F-11D3-BF4B-00C04F79EFBC}") = "big_o_notation_data_structure", "big_o_notation_data_structure\big_o_notation_data_structure.csproj", "{EB3F5601-1B24-4EB1-BC30-E465225F3757}"
EndProject
Global
	GlobalSection(SolutionConfigurationPlatforms) = preSolution
		Debug|Any CPU = Debug|Any CPU
		Release|Any CPU = Release|Any CPU
	EndGlobalSection
	GlobalSection(ProjectConfigurationPlatforms) = postSolution
		{C981A187-9708-4471-A9A8-BAC00B5B3A9A}.Debug|Any CPU.ActiveCfg = Debug|Any CPU
		{C981A187-9708-4471-A9A8-BAC00B5B3A9A}.Debug|Any CPU.Build.0 = Debug|Any CPU
		{C981A187-9708-4471-A9A8-BAC00B5B3A9A}.Release|Any CPU.ActiveCfg = Release|Any CPU
		{C981A187-9708-4471-A9A8-BAC00B5B3A9A}.Release|Any CPU.Build.0 = Release|Any CPU
		{EB3F5601-1B24-4EB1-BC30-E465225F3757}.Debug|Any CPU.ActiveCfg = Debug|Any CPU
		{EB3F5601-1B24-4EB1-BC30-E465225F3757}.Debug|Any CPU.Build.0 = Debug|Any CPU
		{EB3F5601-1B24-4EB1-BC30-E465225F3757}.Release|Any CPU.ActiveCfg = Release|Any CPU
		{EB3F5601-1B24-4EB1-BC30-E465225F3757}.Release|Any CPU.Build.0 = Release|Any CPU
	EndGlobalSection
	GlobalSection(SolutionProperties) = preSolution
		HideSolutionNode = FALSE
	EndGlobalSection
	GlobalSection(ExtensibilityGlobals) = postSolution
		SolutionGuid = {2818137F-E220-48DF-8BC4-16795F7882BA}
	EndGlobalSection
EndGlobal
